
Microsoft Visual Studio Solution File, Format Version 12.00
Project("{FAE04EC0-301F-11D3-BF4B-00C04F79EFBC}") = "Toodo.API", "Toodo.API\Toodo.API.csproj", "{E592E188-EBD1-4B9C-B678-976CEC610FC4}"
EndProject
Project("{FAE04EC0-301F-11D3-BF4B-00C04F79EFBC}") = "Toodo.Domain", "Toodo.Domain\Toodo.Domain.csproj", "{0C63A6FD-7612-4C76-866D-7CBBE2483FB2}"
EndProject
Project("{FAE04EC0-301F-11D3-BF4B-00C04F79EFBC}") = "Toodo.Infrastructure", "Toodo.Infrastructure\Toodo.Infrastructure.csproj", "{D44FD063-7D53-4361-8F3A-B44E9574EB53}"
EndProject
Project("{FAE04EC0-301F-11D3-BF4B-00C04F79EFBC}") = "Toodo.Application", "Toodo.Application\Toodo.Application.csproj", "{40AEDEDF-8DA2-4A5B-BC63-38CED34A49F1}"
EndProject
Global
	GlobalSection(SolutionConfigurationPlatforms) = preSolution
		Debug|Any CPU = Debug|Any CPU
		Release|Any CPU = Release|Any CPU
	EndGlobalSection
	GlobalSection(ProjectConfigurationPlatforms) = postSolution
		{E592E188-EBD1-4B9C-B678-976CEC610FC4}.Debug|Any CPU.ActiveCfg = Debug|Any CPU
		{E592E188-EBD1-4B9C-B678-976CEC610FC4}.Debug|Any CPU.Build.0 = Debug|Any CPU
		{E592E188-EBD1-4B9C-B678-976CEC610FC4}.Release|Any CPU.ActiveCfg = Release|Any CPU
		{E592E188-EBD1-4B9C-B678-976CEC610FC4}.Release|Any CPU.Build.0 = Release|Any CPU
		{0C63A6FD-7612-4C76-866D-7CBBE2483FB2}.Debug|Any CPU.ActiveCfg = Debug|Any CPU
		{0C63A6FD-7612-4C76-866D-7CBBE2483FB2}.Debug|Any CPU.Build.0 = Debug|Any CPU
		{0C63A6FD-7612-4C76-866D-7CBBE2483FB2}.Release|Any CPU.ActiveCfg = Release|Any CPU
		{0C63A6FD-7612-4C76-866D-7CBBE2483FB2}.Release|Any CPU.Build.0 = Release|Any CPU
		{D44FD063-7D53-4361-8F3A-B44E9574EB53}.Debug|Any CPU.ActiveCfg = Debug|Any CPU
		{D44FD063-7D53-4361-8F3A-B44E9574EB53}.Debug|Any CPU.Build.0 = Debug|Any CPU
		{D44FD063-7D53-4361-8F3A-B44E9574EB53}.Release|Any CPU.ActiveCfg = Release|Any CPU
		{D44FD063-7D53-4361-8F3A-B44E9574EB53}.Release|Any CPU.Build.0 = Release|Any CPU
		{40AEDEDF-8DA2-4A5B-BC63-38CED34A49F1}.Debug|Any CPU.ActiveCfg = Debug|Any CPU
		{40AEDEDF-8DA2-4A5B-BC63-38CED34A49F1}.Debug|Any CPU.Build.0 = Debug|Any CPU
		{40AEDEDF-8DA2-4A5B-BC63-38CED34A49F1}.Release|Any CPU.ActiveCfg = Release|Any CPU
		{40AEDEDF-8DA2-4A5B-BC63-38CED34A49F1}.Release|Any CPU.Build.0 = Release|Any CPU
	EndGlobalSection
EndGlobal
